# This file is autogenerated, do not edit; changes may be undone by the next 'dep ensure'.


[[projects]]
  digest = "1:55d5871a6d99e9dcbad4213401545651a75d3c29b903aedea185b6a7fe813e1a"
  name = "github.com/go-kit/kit"
  packages = [
    "endpoint",
    "log",
    "log/level",
    "transport",
    "transport/http",
  ]
  pruneopts = "UT"
  revision = "cc938d52e0cdf4c811ab203f428fcd06f9d9a148"
  version = "v0.10.0"

[[projects]]
  digest = "1:522a207de5459ab329732b5df6bb6dd7592da9fddf8a99e9f82609e370d82f9b"
  name = "github.com/go-logfmt/logfmt"
  packages = ["."]
  pruneopts = "UT"
  revision = "3be5f6aae7db841d31dc5e1b3bb7b4cff19200b3"
  version = "v0.5.0"

[[projects]]
  digest = "1:25ebe6496abb289ef977c081b2d49f56dd97c32db4ca083d37f95923909ced02"
  name = "github.com/gorilla/mux"
  packages = ["."]
  pruneopts = "UT"
  revision = "75dcda0896e109a2a22c9315bca3bb21b87b2ba5"
  version = "v1.7.4"

[[projects]]
  digest = "1:ecd9aa82687cf31d1585d4ac61d0ba180e42e8a6182b85bd785fcca8dfeefc1b"
  name = "github.com/joho/godotenv"
  packages = ["."]
  pruneopts = "UT"
  revision = "23d116af351c84513e1946b527c88823e476be13"
  version = "v1.3.0"

[[projects]]
  digest = "1:9ff22c26414baf7deaf74f2a788fe7b97666048bcbe346c52cfe823442abbdfb"
  name = "github.com/lib/pq"
  packages = [
    ".",
    "oid",
    "scram",
  ]
  pruneopts = "UT"
  revision = "99274577be97ac9b1d95a2d61d566dc9b7cc6a54"
  version = "v1.3.0"

[solve-meta]
  analyzer-name = "dep"
  analyzer-version = 1
  input-imports = [
    "github.com/go-kit/kit/endpoint",
    "github.com/go-kit/kit/log",
    "github.com/go-kit/kit/log/level",
    "github.com/go-kit/kit/transport/http",
    "github.com/gorilla/mux",
    "github.com/joho/godotenv",
    "github.com/lib/pq",
  ]
  solver-name = "gps-cdcl"
  solver-version = 1
